{
  "version": 4,
  "terraform_version": "1.7.2",
  "serial": 343,
  "lineage": "2689bfd9-d5bb-4362-a70c-26e5e8bde6a7",
  "outputs": {},
  "resources": [
    {
      "mode": "managed",
      "type": "aws_eip",
      "name": "nat_ip",
      "provider": "provider[\"registry.terraform.io/hashicorp/aws\"]",
      "instances": [
        {
          "schema_version": 0,
          "attributes": {
            "address": null,
            "allocation_id": "eipalloc-09425e12aaf72cd66",
            "associate_with_private_ip": null,
            "association_id": "",
            "carrier_ip": "",
            "customer_owned_ip": "",
            "customer_owned_ipv4_pool": "",
            "domain": "vpc",
            "id": "eipalloc-09425e12aaf72cd66",
            "instance": "",
            "network_border_group": "us-west-2",
            "network_interface": "",
            "private_dns": null,
            "private_ip": "",
            "public_dns": "ec2-44-240-134-96.us-west-2.compute.amazonaws.com",
            "public_ip": "44.240.134.96",
            "public_ipv4_pool": "amazon",
            "tags": {
              "Name": "nat_ip"
            },
            "tags_all": {
              "Name": "nat_ip"
            },
            "timeouts": null,
            "vpc": true
          },
          "sensitive_attributes": [],
          "private": "eyJlMmJmYjczMC1lY2FhLTExZTYtOGY4OC0zNDM2M2JjN2M0YzAiOnsiZGVsZXRlIjoxODAwMDAwMDAwMDAsInJlYWQiOjkwMDAwMDAwMDAwMCwidXBkYXRlIjozMDAwMDAwMDAwMDB9fQ=="
        }
      ]
    },
    {
      "mode": "managed",
      "type": "aws_instance",
      "name": "APP",
      "provider": "provider[\"registry.terraform.io/hashicorp/aws\"]",
      "instances": [
        {
          "schema_version": 1,
          "attributes": {
            "ami": "ami-08d70e59c07c61a3a",
            "arn": "arn:aws:ec2:us-west-2:256057170649:instance/i-05d90f576fb7a0ccb",
            "associate_public_ip_address": false,
            "availability_zone": "us-west-2a",
            "capacity_reservation_specification": [
              {
                "capacity_reservation_preference": "open",
                "capacity_reservation_target": []
              }
            ],
            "cpu_core_count": 1,
            "cpu_options": [
              {
                "amd_sev_snp": "",
                "core_count": 1,
                "threads_per_core": 1
              }
            ],
            "cpu_threads_per_core": 1,
            "credit_specification": [
              {
                "cpu_credits": "standard"
              }
            ],
            "disable_api_stop": false,
            "disable_api_termination": false,
            "ebs_block_device": [],
            "ebs_optimized": false,
            "enclave_options": [
              {
                "enabled": false
              }
            ],
            "ephemeral_block_device": [],
            "get_password_data": false,
            "hibernation": false,
            "host_id": "",
            "host_resource_group_arn": null,
            "iam_instance_profile": "",
            "id": "i-05d90f576fb7a0ccb",
            "instance_initiated_shutdown_behavior": "stop",
            "instance_lifecycle": "",
            "instance_market_options": [],
            "instance_state": "running",
            "instance_type": "t2.micro",
            "ipv6_address_count": 0,
            "ipv6_addresses": [],
            "key_name": "mec_test_key",
            "launch_template": [],
            "maintenance_options": [
              {
                "auto_recovery": "default"
              }
            ],
            "metadata_options": [
              {
                "http_endpoint": "enabled",
                "http_protocol_ipv6": "disabled",
                "http_put_response_hop_limit": 1,
                "http_tokens": "optional",
                "instance_metadata_tags": "disabled"
              }
            ],
            "monitoring": false,
            "network_interface": [],
            "outpost_arn": "",
            "password_data": "",
            "placement_group": "",
            "placement_partition_number": 0,
            "primary_network_interface_id": "eni-0efebf920cd6238e8",
            "private_dns": "ip-10-0-2-211.us-west-2.compute.internal",
            "private_dns_name_options": [
              {
                "enable_resource_name_dns_a_record": false,
                "enable_resource_name_dns_aaaa_record": false,
                "hostname_type": "ip-name"
              }
            ],
            "private_ip": "10.0.2.211",
            "public_dns": "",
            "public_ip": "",
            "root_block_device": [
              {
                "delete_on_termination": true,
                "device_name": "/dev/sda1",
                "encrypted": false,
                "iops": 100,
                "kms_key_id": "",
                "tags": {},
                "throughput": 0,
                "volume_id": "vol-02ad74806233a251f",
                "volume_size": 8,
                "volume_type": "gp2"
              }
            ],
            "secondary_private_ips": [],
            "security_groups": [],
            "source_dest_check": true,
            "spot_instance_request_id": "",
            "subnet_id": "subnet-0f39d0dfad74f7d68",
            "tags": null,
            "tags_all": {},
            "tenancy": "default",
            "timeouts": null,
            "user_data": null,
            "user_data_base64": null,
            "user_data_replace_on_change": false,
            "volume_tags": null,
            "vpc_security_group_ids": [
              "sg-0e49105171029f39c"
            ]
          },
          "sensitive_attributes": [],
          "private": "eyJlMmJmYjczMC1lY2FhLTExZTYtOGY4OC0zNDM2M2JjN2M0YzAiOnsiY3JlYXRlIjo2MDAwMDAwMDAwMDAsImRlbGV0ZSI6MTIwMDAwMDAwMDAwMCwidXBkYXRlIjo2MDAwMDAwMDAwMDB9LCJzY2hlbWFfdmVyc2lvbiI6IjEifQ==",
          "dependencies": [
            "aws_key_pair.mec_ssh_key",
            "aws_security_group.allow_ssh_3000",
            "aws_subnet.private_1",
            "aws_vpc.ITI",
            "tls_private_key.mec_key"
          ]
        }
      ]
    },
    {
      "mode": "managed",
      "type": "aws_instance",
      "name": "APP-2",
      "provider": "provider[\"registry.terraform.io/hashicorp/aws\"]",
      "instances": [
        {
          "schema_version": 1,
          "attributes": {
            "ami": "ami-08d70e59c07c61a3a",
            "arn": "arn:aws:ec2:us-west-2:256057170649:instance/i-017715c1d26dbeea9",
            "associate_public_ip_address": false,
            "availability_zone": "us-west-2b",
            "capacity_reservation_specification": [
              {
                "capacity_reservation_preference": "open",
                "capacity_reservation_target": []
              }
            ],
            "cpu_core_count": 1,
            "cpu_options": [
              {
                "amd_sev_snp": "",
                "core_count": 1,
                "threads_per_core": 1
              }
            ],
            "cpu_threads_per_core": 1,
            "credit_specification": [
              {
                "cpu_credits": "standard"
              }
            ],
            "disable_api_stop": false,
            "disable_api_termination": false,
            "ebs_block_device": [],
            "ebs_optimized": false,
            "enclave_options": [
              {
                "enabled": false
              }
            ],
            "ephemeral_block_device": [],
            "get_password_data": false,
            "hibernation": false,
            "host_id": "",
            "host_resource_group_arn": null,
            "iam_instance_profile": "",
            "id": "i-017715c1d26dbeea9",
            "instance_initiated_shutdown_behavior": "stop",
            "instance_lifecycle": "",
            "instance_market_options": [],
            "instance_state": "running",
            "instance_type": "t2.micro",
            "ipv6_address_count": 0,
            "ipv6_addresses": [],
            "key_name": "mec_test_key",
            "launch_template": [],
            "maintenance_options": [
              {
                "auto_recovery": "default"
              }
            ],
            "metadata_options": [
              {
                "http_endpoint": "enabled",
                "http_protocol_ipv6": "disabled",
                "http_put_response_hop_limit": 1,
                "http_tokens": "optional",
                "instance_metadata_tags": "disabled"
              }
            ],
            "monitoring": false,
            "network_interface": [],
            "outpost_arn": "",
            "password_data": "",
            "placement_group": "",
            "placement_partition_number": 0,
            "primary_network_interface_id": "eni-0766589599ae046c0",
            "private_dns": "ip-10-0-3-74.us-west-2.compute.internal",
            "private_dns_name_options": [
              {
                "enable_resource_name_dns_a_record": false,
                "enable_resource_name_dns_aaaa_record": false,
                "hostname_type": "ip-name"
              }
            ],
            "private_ip": "10.0.3.74",
            "public_dns": "",
            "public_ip": "",
            "root_block_device": [
              {
                "delete_on_termination": true,
                "device_name": "/dev/sda1",
                "encrypted": false,
                "iops": 100,
                "kms_key_id": "",
                "tags": {},
                "throughput": 0,
                "volume_id": "vol-05240d45838d03fec",
                "volume_size": 8,
                "volume_type": "gp2"
              }
            ],
            "secondary_private_ips": [],
            "security_groups": [],
            "source_dest_check": true,
            "spot_instance_request_id": "",
            "subnet_id": "subnet-0b359cc1a8f66958f",
            "tags": null,
            "tags_all": {},
            "tenancy": "default",
            "timeouts": null,
            "user_data": null,
            "user_data_base64": null,
            "user_data_replace_on_change": false,
            "volume_tags": null,
            "vpc_security_group_ids": [
              "sg-0e49105171029f39c"
            ]
          },
          "sensitive_attributes": [],
          "private": "eyJlMmJmYjczMC1lY2FhLTExZTYtOGY4OC0zNDM2M2JjN2M0YzAiOnsiY3JlYXRlIjo2MDAwMDAwMDAwMDAsImRlbGV0ZSI6MTIwMDAwMDAwMDAwMCwidXBkYXRlIjo2MDAwMDAwMDAwMDB9LCJzY2hlbWFfdmVyc2lvbiI6IjEifQ==",
          "dependencies": [
            "aws_key_pair.mec_ssh_key",
            "aws_security_group.allow_ssh_3000",
            "aws_subnet.private_2",
            "aws_vpc.ITI",
            "tls_private_key.mec_key"
          ]
        }
      ]
    },
    {
      "mode": "managed",
      "type": "aws_instance",
      "name": "bastion-host",
      "provider": "provider[\"registry.terraform.io/hashicorp/aws\"]",
      "instances": [
        {
          "schema_version": 1,
          "attributes": {
            "ami": "ami-08d70e59c07c61a3a",
            "arn": "arn:aws:ec2:us-west-2:256057170649:instance/i-077810bef21f7b55e",
            "associate_public_ip_address": true,
            "availability_zone": "us-west-2a",
            "capacity_reservation_specification": [
              {
                "capacity_reservation_preference": "open",
                "capacity_reservation_target": []
              }
            ],
            "cpu_core_count": 1,
            "cpu_options": [
              {
                "amd_sev_snp": "",
                "core_count": 1,
                "threads_per_core": 1
              }
            ],
            "cpu_threads_per_core": 1,
            "credit_specification": [
              {
                "cpu_credits": "standard"
              }
            ],
            "disable_api_stop": false,
            "disable_api_termination": false,
            "ebs_block_device": [],
            "ebs_optimized": false,
            "enclave_options": [
              {
                "enabled": false
              }
            ],
            "ephemeral_block_device": [],
            "get_password_data": false,
            "hibernation": false,
            "host_id": "",
            "host_resource_group_arn": null,
            "iam_instance_profile": "",
            "id": "i-077810bef21f7b55e",
            "instance_initiated_shutdown_behavior": "stop",
            "instance_lifecycle": "",
            "instance_market_options": [],
            "instance_state": "running",
            "instance_type": "t2.micro",
            "ipv6_address_count": 0,
            "ipv6_addresses": [],
            "key_name": "mec_test_key",
            "launch_template": [],
            "maintenance_options": [
              {
                "auto_recovery": "default"
              }
            ],
            "metadata_options": [
              {
                "http_endpoint": "enabled",
                "http_protocol_ipv6": "disabled",
                "http_put_response_hop_limit": 1,
                "http_tokens": "optional",
                "instance_metadata_tags": "disabled"
              }
            ],
            "monitoring": false,
            "network_interface": [],
            "outpost_arn": "",
            "password_data": "",
            "placement_group": "",
            "placement_partition_number": 0,
            "primary_network_interface_id": "eni-0e83d3f4361e89937",
            "private_dns": "ip-10-0-0-18.us-west-2.compute.internal",
            "private_dns_name_options": [
              {
                "enable_resource_name_dns_a_record": false,
                "enable_resource_name_dns_aaaa_record": false,
                "hostname_type": "ip-name"
              }
            ],
            "private_ip": "10.0.0.18",
            "public_dns": "",
            "public_ip": "34.222.150.190",
            "root_block_device": [
              {
                "delete_on_termination": true,
                "device_name": "/dev/sda1",
                "encrypted": false,
                "iops": 100,
                "kms_key_id": "",
                "tags": {},
                "throughput": 0,
                "volume_id": "vol-079605aa24983ede5",
                "volume_size": 8,
                "volume_type": "gp2"
              }
            ],
            "secondary_private_ips": [],
            "security_groups": [],
            "source_dest_check": true,
            "spot_instance_request_id": "",
            "subnet_id": "subnet-04778724d4bdf920b",
            "tags": null,
            "tags_all": {},
            "tenancy": "default",
            "timeouts": null,
            "user_data": null,
            "user_data_base64": null,
            "user_data_replace_on_change": false,
            "volume_tags": null,
            "vpc_security_group_ids": [
              "sg-0202f8d9c3d28ea18"
            ]
          },
          "sensitive_attributes": [],
          "private": "eyJlMmJmYjczMC1lY2FhLTExZTYtOGY4OC0zNDM2M2JjN2M0YzAiOnsiY3JlYXRlIjo2MDAwMDAwMDAwMDAsImRlbGV0ZSI6MTIwMDAwMDAwMDAwMCwidXBkYXRlIjo2MDAwMDAwMDAwMDB9LCJzY2hlbWFfdmVyc2lvbiI6IjEifQ==",
          "dependencies": [
            "aws_key_pair.mec_ssh_key",
            "aws_security_group.allow_ssh",
            "aws_subnet.public_1",
            "aws_vpc.ITI",
            "tls_private_key.mec_key"
          ]
        }
      ]
    },
    {
      "mode": "managed",
      "type": "aws_instance",
      "name": "bastion-host-2",
      "provider": "provider[\"registry.terraform.io/hashicorp/aws\"]",
      "instances": [
        {
          "schema_version": 1,
          "attributes": {
            "ami": "ami-08d70e59c07c61a3a",
            "arn": "arn:aws:ec2:us-west-2:256057170649:instance/i-08159816ce583741a",
            "associate_public_ip_address": true,
            "availability_zone": "us-west-2b",
            "capacity_reservation_specification": [
              {
                "capacity_reservation_preference": "open",
                "capacity_reservation_target": []
              }
            ],
            "cpu_core_count": 1,
            "cpu_options": [
              {
                "amd_sev_snp": "",
                "core_count": 1,
                "threads_per_core": 1
              }
            ],
            "cpu_threads_per_core": 1,
            "credit_specification": [
              {
                "cpu_credits": "standard"
              }
            ],
            "disable_api_stop": false,
            "disable_api_termination": false,
            "ebs_block_device": [],
            "ebs_optimized": false,
            "enclave_options": [
              {
                "enabled": false
              }
            ],
            "ephemeral_block_device": [],
            "get_password_data": false,
            "hibernation": false,
            "host_id": "",
            "host_resource_group_arn": null,
            "iam_instance_profile": "",
            "id": "i-08159816ce583741a",
            "instance_initiated_shutdown_behavior": "stop",
            "instance_lifecycle": "",
            "instance_market_options": [],
            "instance_state": "running",
            "instance_type": "t2.micro",
            "ipv6_address_count": 0,
            "ipv6_addresses": [],
            "key_name": "mec_test_key",
            "launch_template": [],
            "maintenance_options": [
              {
                "auto_recovery": "default"
              }
            ],
            "metadata_options": [
              {
                "http_endpoint": "enabled",
                "http_protocol_ipv6": "disabled",
                "http_put_response_hop_limit": 1,
                "http_tokens": "optional",
                "instance_metadata_tags": "disabled"
              }
            ],
            "monitoring": false,
            "network_interface": [],
            "outpost_arn": "",
            "password_data": "",
            "placement_group": "",
            "placement_partition_number": 0,
            "primary_network_interface_id": "eni-03297c22c28bb46b7",
            "private_dns": "ip-10-0-1-28.us-west-2.compute.internal",
            "private_dns_name_options": [
              {
                "enable_resource_name_dns_a_record": false,
                "enable_resource_name_dns_aaaa_record": false,
                "hostname_type": "ip-name"
              }
            ],
            "private_ip": "10.0.1.28",
            "public_dns": "",
            "public_ip": "35.92.83.228",
            "root_block_device": [
              {
                "delete_on_termination": true,
                "device_name": "/dev/sda1",
                "encrypted": false,
                "iops": 100,
                "kms_key_id": "",
                "tags": {},
                "throughput": 0,
                "volume_id": "vol-02953656ae646e520",
                "volume_size": 8,
                "volume_type": "gp2"
              }
            ],
            "secondary_private_ips": [],
            "security_groups": [],
            "source_dest_check": true,
            "spot_instance_request_id": "",
            "subnet_id": "subnet-09bcb4385e7f83463",
            "tags": null,
            "tags_all": {},
            "tenancy": "default",
            "timeouts": null,
            "user_data": null,
            "user_data_base64": null,
            "user_data_replace_on_change": false,
            "volume_tags": null,
            "vpc_security_group_ids": [
              "sg-0202f8d9c3d28ea18"
            ]
          },
          "sensitive_attributes": [],
          "private": "eyJlMmJmYjczMC1lY2FhLTExZTYtOGY4OC0zNDM2M2JjN2M0YzAiOnsiY3JlYXRlIjo2MDAwMDAwMDAwMDAsImRlbGV0ZSI6MTIwMDAwMDAwMDAwMCwidXBkYXRlIjo2MDAwMDAwMDAwMDB9LCJzY2hlbWFfdmVyc2lvbiI6IjEifQ==",
          "dependencies": [
            "aws_key_pair.mec_ssh_key",
            "aws_security_group.allow_ssh",
            "aws_subnet.public_2",
            "aws_vpc.ITI",
            "tls_private_key.mec_key"
          ]
        }
      ]
    },
    {
      "mode": "managed",
      "type": "aws_internet_gateway",
      "name": "gw",
      "provider": "provider[\"registry.terraform.io/hashicorp/aws\"]",
      "instances": [
        {
          "schema_version": 0,
          "attributes": {
            "arn": "arn:aws:ec2:us-west-2:256057170649:internet-gateway/igw-01327f7b377075c78",
            "id": "igw-01327f7b377075c78",
            "owner_id": "256057170649",
            "tags": {
              "Name": "gw"
            },
            "tags_all": {
              "Name": "gw"
            },
            "timeouts": null,
            "vpc_id": "vpc-0b44c514ebcecc051"
          },
          "sensitive_attributes": [],
          "private": "eyJlMmJmYjczMC1lY2FhLTExZTYtOGY4OC0zNDM2M2JjN2M0YzAiOnsiY3JlYXRlIjoxMjAwMDAwMDAwMDAwLCJkZWxldGUiOjEyMDAwMDAwMDAwMDAsInVwZGF0ZSI6MTIwMDAwMDAwMDAwMH19",
          "dependencies": [
            "aws_vpc.ITI"
          ]
        }
      ]
    },
    {
      "mode": "managed",
      "type": "aws_key_pair",
      "name": "mec_ssh_key",
      "provider": "provider[\"registry.terraform.io/hashicorp/aws\"]",
      "instances": [
        {
          "schema_version": 1,
          "attributes": {
            "arn": "arn:aws:ec2:us-west-2:256057170649:key-pair/mec_test_key",
            "fingerprint": "8b:41:41:62:de:9c:a4:b3:97:9f:6c:a7:dc:be:da:b7",
            "id": "mec_test_key",
            "key_name": "mec_test_key",
            "key_name_prefix": "",
            "key_pair_id": "key-07c60998a7e312c95",
            "key_type": "rsa",
            "public_key": "ssh-rsa AAAAB3NzaC1yc2EAAAADAQABAAACAQCwpKYWemuH3phgOQyYZxI9p0j7IAbOz64fUiPs2cHlZylTStQvsVtbmXhtejFkrJ2e+hJjBGQulAUcFnuNYGI3Oq1bXAUR98B30or/67D/VyXi57jPxu2I9TbTDM4RkM8DLJjKwLFKITRNa6bMgPd9ZddZ2t6FhqSANs/QrX1XVIb9Dx/bJMhtJwH9Rf8afawCb4AsMVolltKSrEjezh9L1MQv3g8nf/VBTytmAdVUhYMVotOF4ZVzki9gjWL7XvxqsRSmtlCeOLxgcHOqXJltiDlVDO8cAWHKxvjqlQhZmwhINsE6+uhtMvwpsDVJ862n+Yw0HbiGHemMNFKZHiRnQXIdbMJCrJVQDUMMg35B8Pek9goJPdKvqDGk1IxWddqBXil+n0ioURh3co2nOcGBdhIDoUstTe6RLUxU9Oomo19m9yuzO8gC7eWSZDfyXxfNQlbis8fJHmYkjE1Bgzqr0bD9haTS/SQFfZVNwlOOcLkalN75Zyva/2SV6N2ejargcFRpcCN2M8DKvBpvhyOZDGtBaZ+uZV5UB1yOrqT1Fvs7prKQ7EwEf+JEPNZO8RsMyyGrMNEyyBEdjJZBm4d2Pz5iUYyoruAheCKbg6roXY4kCGukxj/c7ay9CW2KkH83hG48lSn40BR7h/WdtZOHfPcKd22v+yk7dk0DB8Bn8w==",
            "tags": null,
            "tags_all": {}
          },
          "sensitive_attributes": [],
          "private": "eyJzY2hlbWFfdmVyc2lvbiI6IjEifQ==",
          "dependencies": [
            "tls_private_key.mec_key"
          ]
        }
      ]
    },
    {
      "mode": "managed",
      "type": "aws_nat_gateway",
      "name": "mec",
      "provider": "provider[\"registry.terraform.io/hashicorp/aws\"]",
      "instances": [
        {
          "schema_version": 0,
          "attributes": {
            "allocation_id": "eipalloc-09425e12aaf72cd66",
            "association_id": "eipassoc-0d99aa63d8fe60c18",
            "connectivity_type": "public",
            "id": "nat-08c79c43733d0b9cb",
            "network_interface_id": "eni-0677429f91bfbecf2",
            "private_ip": "10.0.0.112",
            "public_ip": "44.240.134.96",
            "secondary_allocation_ids": null,
            "secondary_private_ip_address_count": 0,
            "secondary_private_ip_addresses": [],
            "subnet_id": "subnet-04778724d4bdf920b",
            "tags": {
              "Name": "mec_nat_gatway"
            },
            "tags_all": {
              "Name": "mec_nat_gatway"
            },
            "timeouts": null
          },
          "sensitive_attributes": [],
          "private": "eyJlMmJmYjczMC1lY2FhLTExZTYtOGY4OC0zNDM2M2JjN2M0YzAiOnsiY3JlYXRlIjo2MDAwMDAwMDAwMDAsImRlbGV0ZSI6MTgwMDAwMDAwMDAwMCwidXBkYXRlIjo2MDAwMDAwMDAwMDB9fQ==",
          "dependencies": [
            "aws_eip.nat_ip",
            "aws_subnet.public_1",
            "aws_vpc.ITI"
          ]
        }
      ]
    },
    {
      "mode": "managed",
      "type": "aws_route",
      "name": "private",
      "provider": "provider[\"registry.terraform.io/hashicorp/aws\"]",
      "instances": [
        {
          "schema_version": 0,
          "attributes": {
            "carrier_gateway_id": "",
            "core_network_arn": "",
            "destination_cidr_block": "0.0.0.0/0",
            "destination_ipv6_cidr_block": "",
            "destination_prefix_list_id": "",
            "egress_only_gateway_id": "",
            "gateway_id": "",
            "id": "r-rtb-0fa8aca67659f6ec01080289494",
            "instance_id": "",
            "instance_owner_id": "",
            "local_gateway_id": "",
            "nat_gateway_id": "nat-08c79c43733d0b9cb",
            "network_interface_id": "",
            "origin": "CreateRoute",
            "route_table_id": "rtb-0fa8aca67659f6ec0",
            "state": "active",
            "timeouts": null,
            "transit_gateway_id": "",
            "vpc_endpoint_id": "",
            "vpc_peering_connection_id": ""
          },
          "sensitive_attributes": [],
          "private": "eyJlMmJmYjczMC1lY2FhLTExZTYtOGY4OC0zNDM2M2JjN2M0YzAiOnsiY3JlYXRlIjozMDAwMDAwMDAwMDAsImRlbGV0ZSI6MzAwMDAwMDAwMDAwLCJ1cGRhdGUiOjEyMDAwMDAwMDAwMH19",
          "dependencies": [
            "aws_eip.nat_ip",
            "aws_nat_gateway.mec",
            "aws_route_table.rout_private",
            "aws_subnet.public_1",
            "aws_vpc.ITI"
          ]
        }
      ]
    },
    {
      "mode": "managed",
      "type": "aws_route",
      "name": "public",
      "provider": "provider[\"registry.terraform.io/hashicorp/aws\"]",
      "instances": [
        {
          "schema_version": 0,
          "attributes": {
            "carrier_gateway_id": "",
            "core_network_arn": "",
            "destination_cidr_block": "0.0.0.0/0",
            "destination_ipv6_cidr_block": "",
            "destination_prefix_list_id": "",
            "egress_only_gateway_id": "",
            "gateway_id": "igw-01327f7b377075c78",
            "id": "r-rtb-0fe2b8f3d637cad5b1080289494",
            "instance_id": "",
            "instance_owner_id": "",
            "local_gateway_id": "",
            "nat_gateway_id": "",
            "network_interface_id": "",
            "origin": "CreateRoute",
            "route_table_id": "rtb-0fe2b8f3d637cad5b",
            "state": "active",
            "timeouts": null,
            "transit_gateway_id": "",
            "vpc_endpoint_id": "",
            "vpc_peering_connection_id": ""
          },
          "sensitive_attributes": [],
          "private": "eyJlMmJmYjczMC1lY2FhLTExZTYtOGY4OC0zNDM2M2JjN2M0YzAiOnsiY3JlYXRlIjozMDAwMDAwMDAwMDAsImRlbGV0ZSI6MzAwMDAwMDAwMDAwLCJ1cGRhdGUiOjEyMDAwMDAwMDAwMH19",
          "dependencies": [
            "aws_internet_gateway.gw",
            "aws_route_table.rout_public",
            "aws_vpc.ITI"
          ]
        }
      ]
    },
    {
      "mode": "managed",
      "type": "aws_route_table",
      "name": "rout_private",
      "provider": "provider[\"registry.terraform.io/hashicorp/aws\"]",
      "instances": [
        {
          "schema_version": 0,
          "attributes": {
            "arn": "arn:aws:ec2:us-west-2:256057170649:route-table/rtb-0fa8aca67659f6ec0",
            "id": "rtb-0fa8aca67659f6ec0",
            "owner_id": "256057170649",
            "propagating_vgws": [],
            "route": [],
            "tags": {
              "Name": "mec_private_rt"
            },
            "tags_all": {
              "Name": "mec_private_rt"
            },
            "timeouts": null,
            "vpc_id": "vpc-0b44c514ebcecc051"
          },
          "sensitive_attributes": [],
          "private": "eyJlMmJmYjczMC1lY2FhLTExZTYtOGY4OC0zNDM2M2JjN2M0YzAiOnsiY3JlYXRlIjozMDAwMDAwMDAwMDAsImRlbGV0ZSI6MzAwMDAwMDAwMDAwLCJ1cGRhdGUiOjEyMDAwMDAwMDAwMH19",
          "dependencies": [
            "aws_vpc.ITI"
          ]
        }
      ]
    },
    {
      "mode": "managed",
      "type": "aws_route_table",
      "name": "rout_public",
      "provider": "provider[\"registry.terraform.io/hashicorp/aws\"]",
      "instances": [
        {
          "schema_version": 0,
          "attributes": {
            "arn": "arn:aws:ec2:us-west-2:256057170649:route-table/rtb-0fe2b8f3d637cad5b",
            "id": "rtb-0fe2b8f3d637cad5b",
            "owner_id": "256057170649",
            "propagating_vgws": [],
            "route": [],
            "tags": {
              "Name": "mec_public_rt"
            },
            "tags_all": {
              "Name": "mec_public_rt"
            },
            "timeouts": null,
            "vpc_id": "vpc-0b44c514ebcecc051"
          },
          "sensitive_attributes": [],
          "private": "eyJlMmJmYjczMC1lY2FhLTExZTYtOGY4OC0zNDM2M2JjN2M0YzAiOnsiY3JlYXRlIjozMDAwMDAwMDAwMDAsImRlbGV0ZSI6MzAwMDAwMDAwMDAwLCJ1cGRhdGUiOjEyMDAwMDAwMDAwMH19",
          "dependencies": [
            "aws_vpc.ITI"
          ]
        }
      ]
    },
    {
      "mode": "managed",
      "type": "aws_route_table_association",
      "name": "private_association1",
      "provider": "provider[\"registry.terraform.io/hashicorp/aws\"]",
      "instances": [
        {
          "schema_version": 0,
          "attributes": {
            "gateway_id": "",
            "id": "rtbassoc-0c247372cdf2d034e",
            "route_table_id": "rtb-0fa8aca67659f6ec0",
            "subnet_id": "subnet-0f39d0dfad74f7d68",
            "timeouts": null
          },
          "sensitive_attributes": [],
          "private": "eyJlMmJmYjczMC1lY2FhLTExZTYtOGY4OC0zNDM2M2JjN2M0YzAiOnsiY3JlYXRlIjozMDAwMDAwMDAwMDAsImRlbGV0ZSI6MzAwMDAwMDAwMDAwLCJ1cGRhdGUiOjEyMDAwMDAwMDAwMH19",
          "dependencies": [
            "aws_route_table.rout_private",
            "aws_subnet.private_1",
            "aws_vpc.ITI"
          ]
        }
      ]
    },
    {
      "mode": "managed",
      "type": "aws_route_table_association",
      "name": "private_association2",
      "provider": "provider[\"registry.terraform.io/hashicorp/aws\"]",
      "instances": [
        {
          "schema_version": 0,
          "attributes": {
            "gateway_id": "",
            "id": "rtbassoc-0c247372cdf2d034e",
            "route_table_id": "rtb-0fa8aca67659f6ec0",
            "subnet_id": "subnet-0f39d0dfad74f7d68",
            "timeouts": null
          },
          "sensitive_attributes": [],
          "private": "eyJlMmJmYjczMC1lY2FhLTExZTYtOGY4OC0zNDM2M2JjN2M0YzAiOnsiY3JlYXRlIjozMDAwMDAwMDAwMDAsImRlbGV0ZSI6MzAwMDAwMDAwMDAwLCJ1cGRhdGUiOjEyMDAwMDAwMDAwMH19",
          "dependencies": [
            "aws_route_table.rout_private",
            "aws_subnet.private_1",
            "aws_vpc.ITI"
          ]
        }
      ]
    },
    {
      "mode": "managed",
      "type": "aws_route_table_association",
      "name": "public_association1",
      "provider": "provider[\"registry.terraform.io/hashicorp/aws\"]",
      "instances": [
        {
          "schema_version": 0,
          "attributes": {
            "gateway_id": "",
            "id": "rtbassoc-0d2bce8ff5a48d8cc",
            "route_table_id": "rtb-0fe2b8f3d637cad5b",
            "subnet_id": "subnet-04778724d4bdf920b",
            "timeouts": null
          },
          "sensitive_attributes": [],
          "private": "eyJlMmJmYjczMC1lY2FhLTExZTYtOGY4OC0zNDM2M2JjN2M0YzAiOnsiY3JlYXRlIjozMDAwMDAwMDAwMDAsImRlbGV0ZSI6MzAwMDAwMDAwMDAwLCJ1cGRhdGUiOjEyMDAwMDAwMDAwMH19",
          "dependencies": [
            "aws_route_table.rout_public",
            "aws_subnet.public_1",
            "aws_vpc.ITI"
          ]
        }
      ]
    },
    {
      "mode": "managed",
      "type": "aws_route_table_association",
      "name": "public_association2",
      "provider": "provider[\"registry.terraform.io/hashicorp/aws\"]",
      "instances": [
        {
          "schema_version": 0,
          "attributes": {
            "gateway_id": "",
            "id": "rtbassoc-093119f8e029cb892",
            "route_table_id": "rtb-0fe2b8f3d637cad5b",
            "subnet_id": "subnet-09bcb4385e7f83463",
            "timeouts": null
          },
          "sensitive_attributes": [],
          "private": "eyJlMmJmYjczMC1lY2FhLTExZTYtOGY4OC0zNDM2M2JjN2M0YzAiOnsiY3JlYXRlIjozMDAwMDAwMDAwMDAsImRlbGV0ZSI6MzAwMDAwMDAwMDAwLCJ1cGRhdGUiOjEyMDAwMDAwMDAwMH19",
          "dependencies": [
            "aws_route_table.rout_public",
            "aws_subnet.public_2",
            "aws_vpc.ITI"
          ]
        }
      ]
    },
    {
      "mode": "managed",
      "type": "aws_secretsmanager_secret",
      "name": "mec_ssh_private_key_secret",
      "provider": "provider[\"registry.terraform.io/hashicorp/aws\"]",
      "instances": [
        {
          "schema_version": 0,
          "attributes": {
            "arn": "arn:aws:secretsmanager:us-west-2:256057170649:secret:mec_ssh_private_key_secret-08HEfN",
            "description": "",
            "force_overwrite_replica_secret": false,
            "id": "arn:aws:secretsmanager:us-west-2:256057170649:secret:mec_ssh_private_key_secret-08HEfN",
            "kms_key_id": "",
            "name": "mec_ssh_private_key_secret",
            "name_prefix": "",
            "policy": "",
            "recovery_window_in_days": 0,
            "replica": [],
            "tags": null,
            "tags_all": {}
          },
          "sensitive_attributes": [],
          "private": "bnVsbA=="
        }
      ]
    },
    {
      "mode": "managed",
      "type": "aws_secretsmanager_secret_version",
      "name": "mec_ssh_private_key_secret_version",
      "provider": "provider[\"registry.terraform.io/hashicorp/aws\"]",
      "instances": [
        {
          "schema_version": 0,
          "attributes": {
            "arn": "arn:aws:secretsmanager:us-west-2:256057170649:secret:mec_ssh_private_key_secret-08HEfN",
            "id": "arn:aws:secretsmanager:us-west-2:256057170649:secret:mec_ssh_private_key_secret-08HEfN|terraform-20240228094208844300000002",
            "secret_binary": "",
            "secret_id": "arn:aws:secretsmanager:us-west-2:256057170649:secret:mec_ssh_private_key_secret-08HEfN",
            "secret_string": "-----BEGIN PUBLIC KEY-----\nMIICIjANBgkqhkiG9w0BAQEFAAOCAg8AMIICCgKCAgEAsKSmFnprh96YYDkMmGcS\nPadI+yAGzs+uH1Ij7NnB5WcpU0rUL7FbW5l4bXoxZKydnvoSYwRkLpQFHBZ7jWBi\nNzqtW1wFEffAd9KK/+uw/1cl4ue4z8btiPU20wzOEZDPAyyYysCxSiE0TWumzID3\nfWXXWdrehYakgDbP0K19V1SG/Q8f2yTIbScB/UX/Gn2sAm+ALDFaJZbSkqxI3s4f\nS9TEL94PJ3/1QU8rZgHVVIWDFaLTheGVc5IvYI1i+178arEUprZQnji8YHBzqlyZ\nbYg5VQzvHAFhysb46pUIWZsISDbBOvrobTL8KbA1SfOtp/mMNB24hh3pjDRSmR4k\nZ0FyHWzCQqyVUA1DDIN+QfD3pPYKCT3Sr6gxpNSMVnXagV4pfp9IqFEYd3KNpznB\ngXYSA6FLLU3ukS1MVPTqJqNfZvcrszvIAu3lkmQ38l8XzUJW4rPHyR5mJIxNQYM6\nq9Gw/YWk0v0kBX2VTcJTjnC5GpTe+Wcr2v9klejdno2q4HBUaXAjdjPAyrwab4cj\nmQxrQWmfrmVeVAdcjq6k9Rb7O6aykOxMBH/iRDzWTvEbDMshqzDRMsgRHYyWQZuH\ndj8+YlGMqK7gIXgim4Oq6F2OJAhrpMY/3O2svQltipB/N4RuPJUp+NAUe4f1nbWT\nh3z3Cndtr/spO3ZNAwfAZ/MCAwEAAQ==\n-----END PUBLIC KEY-----\n",
            "version_id": "terraform-20240228094208844300000002",
            "version_stages": [
              "AWSCURRENT"
            ]
          },
          "sensitive_attributes": [],
          "private": "bnVsbA==",
          "dependencies": [
            "aws_secretsmanager_secret.mec_ssh_private_key_secret",
            "tls_private_key.mec_key"
          ]
        }
      ]
    },
    {
      "mode": "managed",
      "type": "aws_security_group",
      "name": "allow_ssh",
      "provider": "provider[\"registry.terraform.io/hashicorp/aws\"]",
      "instances": [
        {
          "schema_version": 1,
          "attributes": {
            "arn": "arn:aws:ec2:us-west-2:256057170649:security-group/sg-0202f8d9c3d28ea18",
            "description": "Allow ssh inbound traffic and ",
            "egress": [],
            "id": "sg-0202f8d9c3d28ea18",
            "ingress": [],
            "name": "allow_ssh",
            "name_prefix": "",
            "owner_id": "256057170649",
            "revoke_rules_on_delete": false,
            "tags": {
              "Name": "ssh"
            },
            "tags_all": {
              "Name": "ssh"
            },
            "timeouts": null,
            "vpc_id": "vpc-0b44c514ebcecc051"
          },
          "sensitive_attributes": [],
          "private": "eyJlMmJmYjczMC1lY2FhLTExZTYtOGY4OC0zNDM2M2JjN2M0YzAiOnsiY3JlYXRlIjo2MDAwMDAwMDAwMDAsImRlbGV0ZSI6OTAwMDAwMDAwMDAwfSwic2NoZW1hX3ZlcnNpb24iOiIxIn0=",
          "dependencies": [
            "aws_vpc.ITI"
          ]
        }
      ]
    },
    {
      "mode": "managed",
      "type": "aws_security_group",
      "name": "allow_ssh_3000",
      "provider": "provider[\"registry.terraform.io/hashicorp/aws\"]",
      "instances": [
        {
          "schema_version": 1,
          "attributes": {
            "arn": "arn:aws:ec2:us-west-2:256057170649:security-group/sg-0e49105171029f39c",
            "description": "Allow ssh and port 3000 inbound traffic and ",
            "egress": [],
            "id": "sg-0e49105171029f39c",
            "ingress": [],
            "name": "allow_ssh_3000",
            "name_prefix": "",
            "owner_id": "256057170649",
            "revoke_rules_on_delete": false,
            "tags": {
              "Name": "ssh"
            },
            "tags_all": {
              "Name": "ssh"
            },
            "timeouts": null,
            "vpc_id": "vpc-0b44c514ebcecc051"
          },
          "sensitive_attributes": [],
          "private": "eyJlMmJmYjczMC1lY2FhLTExZTYtOGY4OC0zNDM2M2JjN2M0YzAiOnsiY3JlYXRlIjo2MDAwMDAwMDAwMDAsImRlbGV0ZSI6OTAwMDAwMDAwMDAwfSwic2NoZW1hX3ZlcnNpb24iOiIxIn0=",
          "dependencies": [
            "aws_vpc.ITI"
          ]
        }
      ]
    },
    {
      "mode": "managed",
      "type": "aws_subnet",
      "name": "private_1",
      "provider": "provider[\"registry.terraform.io/hashicorp/aws\"]",
      "instances": [
        {
          "schema_version": 1,
          "attributes": {
            "arn": "arn:aws:ec2:us-west-2:256057170649:subnet/subnet-0f39d0dfad74f7d68",
            "assign_ipv6_address_on_creation": false,
            "availability_zone": "us-west-2a",
            "availability_zone_id": "usw2-az1",
            "cidr_block": "10.0.2.0/24",
            "customer_owned_ipv4_pool": "",
            "enable_dns64": false,
            "enable_lni_at_device_index": 0,
            "enable_resource_name_dns_a_record_on_launch": false,
            "enable_resource_name_dns_aaaa_record_on_launch": false,
            "id": "subnet-0f39d0dfad74f7d68",
            "ipv6_cidr_block": "",
            "ipv6_cidr_block_association_id": "",
            "ipv6_native": false,
            "map_customer_owned_ip_on_launch": false,
            "map_public_ip_on_launch": false,
            "outpost_arn": "",
            "owner_id": "256057170649",
            "private_dns_hostname_type_on_launch": "ip-name",
            "tags": {
              "name": "private_subnet"
            },
            "tags_all": {
              "name": "private_subnet"
            },
            "timeouts": null,
            "vpc_id": "vpc-0b44c514ebcecc051"
          },
          "sensitive_attributes": [],
          "private": "eyJlMmJmYjczMC1lY2FhLTExZTYtOGY4OC0zNDM2M2JjN2M0YzAiOnsiY3JlYXRlIjo2MDAwMDAwMDAwMDAsImRlbGV0ZSI6MTIwMDAwMDAwMDAwMH0sInNjaGVtYV92ZXJzaW9uIjoiMSJ9",
          "dependencies": [
            "aws_vpc.ITI"
          ]
        }
      ]
    },
    {
      "mode": "managed",
      "type": "aws_subnet",
      "name": "private_2",
      "provider": "provider[\"registry.terraform.io/hashicorp/aws\"]",
      "instances": [
        {
          "schema_version": 1,
          "attributes": {
            "arn": "arn:aws:ec2:us-west-2:256057170649:subnet/subnet-0b359cc1a8f66958f",
            "assign_ipv6_address_on_creation": false,
            "availability_zone": "us-west-2b",
            "availability_zone_id": "usw2-az2",
            "cidr_block": "10.0.3.0/24",
            "customer_owned_ipv4_pool": "",
            "enable_dns64": false,
            "enable_lni_at_device_index": 0,
            "enable_resource_name_dns_a_record_on_launch": false,
            "enable_resource_name_dns_aaaa_record_on_launch": false,
            "id": "subnet-0b359cc1a8f66958f",
            "ipv6_cidr_block": "",
            "ipv6_cidr_block_association_id": "",
            "ipv6_native": false,
            "map_customer_owned_ip_on_launch": false,
            "map_public_ip_on_launch": false,
            "outpost_arn": "",
            "owner_id": "256057170649",
            "private_dns_hostname_type_on_launch": "ip-name",
            "tags": {
              "name": "private_subnet"
            },
            "tags_all": {
              "name": "private_subnet"
            },
            "timeouts": null,
            "vpc_id": "vpc-0b44c514ebcecc051"
          },
          "sensitive_attributes": [],
          "private": "eyJlMmJmYjczMC1lY2FhLTExZTYtOGY4OC0zNDM2M2JjN2M0YzAiOnsiY3JlYXRlIjo2MDAwMDAwMDAwMDAsImRlbGV0ZSI6MTIwMDAwMDAwMDAwMH0sInNjaGVtYV92ZXJzaW9uIjoiMSJ9",
          "dependencies": [
            "aws_vpc.ITI"
          ]
        }
      ]
    },
    {
      "mode": "managed",
      "type": "aws_subnet",
      "name": "public_1",
      "provider": "provider[\"registry.terraform.io/hashicorp/aws\"]",
      "instances": [
        {
          "schema_version": 1,
          "attributes": {
            "arn": "arn:aws:ec2:us-west-2:256057170649:subnet/subnet-04778724d4bdf920b",
            "assign_ipv6_address_on_creation": false,
            "availability_zone": "us-west-2a",
            "availability_zone_id": "usw2-az1",
            "cidr_block": "10.0.0.0/24",
            "customer_owned_ipv4_pool": "",
            "enable_dns64": false,
            "enable_lni_at_device_index": 0,
            "enable_resource_name_dns_a_record_on_launch": false,
            "enable_resource_name_dns_aaaa_record_on_launch": false,
            "id": "subnet-04778724d4bdf920b",
            "ipv6_cidr_block": "",
            "ipv6_cidr_block_association_id": "",
            "ipv6_native": false,
            "map_customer_owned_ip_on_launch": false,
            "map_public_ip_on_launch": true,
            "outpost_arn": "",
            "owner_id": "256057170649",
            "private_dns_hostname_type_on_launch": "ip-name",
            "tags": {
              "name": "public_subnet"
            },
            "tags_all": {
              "name": "public_subnet"
            },
            "timeouts": null,
            "vpc_id": "vpc-0b44c514ebcecc051"
          },
          "sensitive_attributes": [],
          "private": "eyJlMmJmYjczMC1lY2FhLTExZTYtOGY4OC0zNDM2M2JjN2M0YzAiOnsiY3JlYXRlIjo2MDAwMDAwMDAwMDAsImRlbGV0ZSI6MTIwMDAwMDAwMDAwMH0sInNjaGVtYV92ZXJzaW9uIjoiMSJ9",
          "dependencies": [
            "aws_vpc.ITI"
          ]
        }
      ]
    },
    {
      "mode": "managed",
      "type": "aws_subnet",
      "name": "public_2",
      "provider": "provider[\"registry.terraform.io/hashicorp/aws\"]",
      "instances": [
        {
          "schema_version": 1,
          "attributes": {
            "arn": "arn:aws:ec2:us-west-2:256057170649:subnet/subnet-09bcb4385e7f83463",
            "assign_ipv6_address_on_creation": false,
            "availability_zone": "us-west-2b",
            "availability_zone_id": "usw2-az2",
            "cidr_block": "10.0.1.0/24",
            "customer_owned_ipv4_pool": "",
            "enable_dns64": false,
            "enable_lni_at_device_index": 0,
            "enable_resource_name_dns_a_record_on_launch": false,
            "enable_resource_name_dns_aaaa_record_on_launch": false,
            "id": "subnet-09bcb4385e7f83463",
            "ipv6_cidr_block": "",
            "ipv6_cidr_block_association_id": "",
            "ipv6_native": false,
            "map_customer_owned_ip_on_launch": false,
            "map_public_ip_on_launch": true,
            "outpost_arn": "",
            "owner_id": "256057170649",
            "private_dns_hostname_type_on_launch": "ip-name",
            "tags": {
              "name": "public_subnet"
            },
            "tags_all": {
              "name": "public_subnet"
            },
            "timeouts": null,
            "vpc_id": "vpc-0b44c514ebcecc051"
          },
          "sensitive_attributes": [],
          "private": "eyJlMmJmYjczMC1lY2FhLTExZTYtOGY4OC0zNDM2M2JjN2M0YzAiOnsiY3JlYXRlIjo2MDAwMDAwMDAwMDAsImRlbGV0ZSI6MTIwMDAwMDAwMDAwMH0sInNjaGVtYV92ZXJzaW9uIjoiMSJ9",
          "dependencies": [
            "aws_vpc.ITI"
          ]
        }
      ]
    },
    {
      "mode": "managed",
      "type": "aws_vpc",
      "name": "ITI",
      "provider": "provider[\"registry.terraform.io/hashicorp/aws\"]",
      "instances": [
        {
          "schema_version": 1,
          "attributes": {
            "arn": "arn:aws:ec2:us-west-2:256057170649:vpc/vpc-0b44c514ebcecc051",
            "assign_generated_ipv6_cidr_block": false,
            "cidr_block": "10.0.0.0/16",
            "default_network_acl_id": "acl-0a1d717fc43fbc400",
            "default_route_table_id": "rtb-0728fbb5ec3bf85a7",
            "default_security_group_id": "sg-04441477039de1a5c",
            "dhcp_options_id": "dopt-0c091d9ebd2087313",
            "enable_dns_hostnames": false,
            "enable_dns_support": true,
            "enable_network_address_usage_metrics": false,
            "id": "vpc-0b44c514ebcecc051",
            "instance_tenancy": "default",
            "ipv4_ipam_pool_id": null,
            "ipv4_netmask_length": null,
            "ipv6_association_id": "",
            "ipv6_cidr_block": "",
            "ipv6_cidr_block_network_border_group": "",
            "ipv6_ipam_pool_id": "",
            "ipv6_netmask_length": 0,
            "main_route_table_id": "rtb-0728fbb5ec3bf85a7",
            "owner_id": "256057170649",
            "tags": {
              "name": "ITI"
            },
            "tags_all": {
              "name": "ITI"
            }
          },
          "sensitive_attributes": [],
          "private": "eyJzY2hlbWFfdmVyc2lvbiI6IjEifQ=="
        }
      ]
    },
    {
      "mode": "managed",
      "type": "aws_vpc_security_group_ingress_rule",
      "name": "allow_3000_vpc",
      "provider": "provider[\"registry.terraform.io/hashicorp/aws\"]",
      "instances": [
        {
          "schema_version": 0,
          "attributes": {
            "arn": "arn:aws:ec2:us-west-2:256057170649:security-group-rule/sgr-09ae18d83a0a047ab",
            "cidr_ipv4": "10.0.0.0/16",
            "cidr_ipv6": null,
            "description": null,
            "from_port": 3000,
            "id": "sgr-09ae18d83a0a047ab",
            "ip_protocol": "tcp",
            "prefix_list_id": null,
            "referenced_security_group_id": null,
            "security_group_id": "sg-0e49105171029f39c",
            "security_group_rule_id": "sgr-09ae18d83a0a047ab",
            "tags": null,
            "tags_all": {},
            "to_port": 3000
          },
          "sensitive_attributes": [],
          "dependencies": [
            "aws_security_group.allow_ssh_3000",
            "aws_vpc.ITI"
          ]
        }
      ]
    },
    {
      "mode": "managed",
      "type": "aws_vpc_security_group_ingress_rule",
      "name": "allow_ssh",
      "provider": "provider[\"registry.terraform.io/hashicorp/aws\"]",
      "instances": [
        {
          "schema_version": 0,
          "attributes": {
            "arn": "arn:aws:ec2:us-west-2:256057170649:security-group-rule/sgr-02dd9283908ed01cc",
            "cidr_ipv4": "0.0.0.0/0",
            "cidr_ipv6": null,
            "description": null,
            "from_port": 22,
            "id": "sgr-02dd9283908ed01cc",
            "ip_protocol": "tcp",
            "prefix_list_id": null,
            "referenced_security_group_id": null,
            "security_group_id": "sg-0202f8d9c3d28ea18",
            "security_group_rule_id": "sgr-02dd9283908ed01cc",
            "tags": null,
            "tags_all": {},
            "to_port": 22
          },
          "sensitive_attributes": [],
          "dependencies": [
            "aws_security_group.allow_ssh",
            "aws_vpc.ITI"
          ]
        }
      ]
    },
    {
      "mode": "managed",
      "type": "aws_vpc_security_group_ingress_rule",
      "name": "allow_ssh_vpc",
      "provider": "provider[\"registry.terraform.io/hashicorp/aws\"]",
      "instances": [
        {
          "schema_version": 0,
          "attributes": {
            "arn": "arn:aws:ec2:us-west-2:256057170649:security-group-rule/sgr-0d0aab929ba7d0bbc",
            "cidr_ipv4": "10.0.0.0/16",
            "cidr_ipv6": null,
            "description": null,
            "from_port": 22,
            "id": "sgr-0d0aab929ba7d0bbc",
            "ip_protocol": "tcp",
            "prefix_list_id": null,
            "referenced_security_group_id": null,
            "security_group_id": "sg-0e49105171029f39c",
            "security_group_rule_id": "sgr-0d0aab929ba7d0bbc",
            "tags": null,
            "tags_all": {},
            "to_port": 22
          },
          "sensitive_attributes": [],
          "dependencies": [
            "aws_security_group.allow_ssh_3000",
            "aws_vpc.ITI"
          ]
        }
      ]
    },
    {
      "mode": "managed",
      "type": "tls_private_key",
      "name": "mec_key",
      "provider": "provider[\"registry.terraform.io/hashicorp/tls\"]",
      "instances": [
        {
          "schema_version": 1,
          "attributes": {
            "algorithm": "RSA",
            "ecdsa_curve": "P224",
            "id": "59501b8d3cf91d2a4a3bc5102734034122e2e824",
            "private_key_openssh": "-----BEGIN OPENSSH PRIVATE KEY-----\nb3BlbnNzaC1rZXktdjEAAAAABG5vbmUAAAAEbm9uZQAAAAAAAAABAAACFwAAAAdz\nc2gtcnNhAAAAAwEAAQAAAgEAsKSmFnprh96YYDkMmGcSPadI+yAGzs+uH1Ij7NnB\n5WcpU0rUL7FbW5l4bXoxZKydnvoSYwRkLpQFHBZ7jWBiNzqtW1wFEffAd9KK/+uw\n/1cl4ue4z8btiPU20wzOEZDPAyyYysCxSiE0TWumzID3fWXXWdrehYakgDbP0K19\nV1SG/Q8f2yTIbScB/UX/Gn2sAm+ALDFaJZbSkqxI3s4fS9TEL94PJ3/1QU8rZgHV\nVIWDFaLTheGVc5IvYI1i+178arEUprZQnji8YHBzqlyZbYg5VQzvHAFhysb46pUI\nWZsISDbBOvrobTL8KbA1SfOtp/mMNB24hh3pjDRSmR4kZ0FyHWzCQqyVUA1DDIN+\nQfD3pPYKCT3Sr6gxpNSMVnXagV4pfp9IqFEYd3KNpznBgXYSA6FLLU3ukS1MVPTq\nJqNfZvcrszvIAu3lkmQ38l8XzUJW4rPHyR5mJIxNQYM6q9Gw/YWk0v0kBX2VTcJT\njnC5GpTe+Wcr2v9klejdno2q4HBUaXAjdjPAyrwab4cjmQxrQWmfrmVeVAdcjq6k\n9Rb7O6aykOxMBH/iRDzWTvEbDMshqzDRMsgRHYyWQZuHdj8+YlGMqK7gIXgim4Oq\n6F2OJAhrpMY/3O2svQltipB/N4RuPJUp+NAUe4f1nbWTh3z3Cndtr/spO3ZNAwfA\nZ/MAAAc4XiqZE14qmRMAAAAHc3NoLXJzYQAAAgEAsKSmFnprh96YYDkMmGcSPadI\n+yAGzs+uH1Ij7NnB5WcpU0rUL7FbW5l4bXoxZKydnvoSYwRkLpQFHBZ7jWBiNzqt\nW1wFEffAd9KK/+uw/1cl4ue4z8btiPU20wzOEZDPAyyYysCxSiE0TWumzID3fWXX\nWdrehYakgDbP0K19V1SG/Q8f2yTIbScB/UX/Gn2sAm+ALDFaJZbSkqxI3s4fS9TE\nL94PJ3/1QU8rZgHVVIWDFaLTheGVc5IvYI1i+178arEUprZQnji8YHBzqlyZbYg5\nVQzvHAFhysb46pUIWZsISDbBOvrobTL8KbA1SfOtp/mMNB24hh3pjDRSmR4kZ0Fy\nHWzCQqyVUA1DDIN+QfD3pPYKCT3Sr6gxpNSMVnXagV4pfp9IqFEYd3KNpznBgXYS\nA6FLLU3ukS1MVPTqJqNfZvcrszvIAu3lkmQ38l8XzUJW4rPHyR5mJIxNQYM6q9Gw\n/YWk0v0kBX2VTcJTjnC5GpTe+Wcr2v9klejdno2q4HBUaXAjdjPAyrwab4cjmQxr\nQWmfrmVeVAdcjq6k9Rb7O6aykOxMBH/iRDzWTvEbDMshqzDRMsgRHYyWQZuHdj8+\nYlGMqK7gIXgim4Oq6F2OJAhrpMY/3O2svQltipB/N4RuPJUp+NAUe4f1nbWTh3z3\nCndtr/spO3ZNAwfAZ/MAAAADAQABAAACAFMCrQJ3OT06gAUICkE8frf2ezd4T3q0\n4jDZ2wQdOR9jIWqBCcH36OTc9FkOSVP0QoZJIobhs2qoKNaQQjOoDb/ClWEPl1pg\nQVSN3sBxtFXqUGWXW6RY6ZupEMCRje13TbFCLfNqJmadwAR6CIKmQKfvSgpx7ox1\nP6z5FSQNw49cq6sUhnXnjUCuSiMJ195NHJ5wY51g++oaPI6s4/nAh7iNHj0Yb6qy\nWUD9wXlId0YnD/kE8b5CyobrNdR73P4gHyLMYNYPa0dPhkcT0WdH6NouYDL1xxA0\nHg66/pLOwoPJdVTqVlgvPTbD9PhqVECSgRMlFJwRM3vjZrN6iy5lmdkcbCBjmbzQ\nHMgeou2Y+ZPP8fLYSEYlUyI7QpNGMPs0Id097p47DrZCty/PQYDr5Ibyqge/Q8F/\nxq7mtYOlF8rhvSiLHgNEu0q6mlGdHPLUbGjtH7s99XlIgd0U7xSiIzBCrWLLAUSk\n2TQYYkFchresUlLzkYr5305qmixt25RCQ6YpWvz9KAZXL/ChCcQpzVxy7dcX8Mjo\nyyEf4UK6VKXhdlbfVm20NLmbsljqf3i9szwqd7OataIwYJwh1UCuYvH0e8LG1uuw\nh2g73CjYqqDp1BKzOisLeBSS/cTmsITdwYO+eBWANRPUXFZ6npHKU80tJoifyHNr\nMvx/eEacKj/BAAABAHjBO+BVOSIdivNURoUAkJwj4utQrHKoTKjsYJCiVf/3fk35\nyGinm1aRvBJOCikvEWiRyi+7fw2Ih/N1KTVOG3k7EP3vA6xyu/DU9qiNpo3jgJL8\nX4CI4exQhIewVoNxJ7Qz7+wyTnIYsdRM+NRZdmCyVrwtkUroxldWlnaPnVUqXhTj\nuuDhMxrZELBSiX6SX9ZL4bR3XlRZch//fePKF16xmmEHUOdm7BQL5VY0NKMW7Vzd\npD2VxKZBAPV4jb9DGO/1KOYQqc07UJoVwBQr7sn2JfJ7J6bGgO5w7C04pg5lsB83\n/iVyz/sYvkywtGi41iFwJa4mU+85+0+GbNuyXA8AAAEBANP6shbMdEoVw9FM9MxV\nFX7Fi3r+70X+iCJKuB+EEslascYcgqexA80iL4+Z/dR92FmkdT0sPedXo+SMmuG+\nWZuFs9WrtbfjtjIisTOA2UVWbxqV0enzn4hYBILiqwqk35wJ5lqMPyisHwReY9cu\n86O/rvKuXRYokNfQ08JFXE6r5Q7MTL9QByVBokv2c7UCISXs0M/519iiTPCSvqeX\ny+lRmemW4uII4i4fUbGPzmZiLCO5OuvHzZ83vZ8Gc4KWoaTdRMIsw+2EbZaGxqPA\nr5TgSH2Uw+HPEvDwEq+UKEWM8CjN7pCB4PAS2cT+y38tsA7hI9laELXTJ9Q9jAhK\nRkMAAAEBANVTZ2ooaFhYFFOs+fEe3CMl/YhzM0HYx5i/Wp8nAgw/S+4RGxL/jRis\nIaFGN59wFzz4czuLb8dXpglsROaShgxScNjL7Xdm9LDyVzZHnWt8zB0CYUldmmZd\n4EZ+RlS+inpDx8iHcumdrglyBAuxaYRkVp8CsHhcT6y3sSCG2hyeDs5+1TAPoplX\ngpnZGN4JrTqtgOTbnHNmA3CbaKB3kn5OWBhVE0+drCHzL7+OW/3Yw64TUhwHzvDe\nMQsXhdm818y4d21HxGAc1tk+S+YexnQm9l0IIm3Q1AC9mOh5pbxjdlJ3sQOwBdeX\nz2vG2y6nep/YTyH/2H7A9TTdUybjNJEAAAAAAQID\n-----END OPENSSH PRIVATE KEY-----\n",
            "private_key_pem": "-----BEGIN RSA PRIVATE KEY-----\nMIIJKAIBAAKCAgEAsKSmFnprh96YYDkMmGcSPadI+yAGzs+uH1Ij7NnB5WcpU0rU\nL7FbW5l4bXoxZKydnvoSYwRkLpQFHBZ7jWBiNzqtW1wFEffAd9KK/+uw/1cl4ue4\nz8btiPU20wzOEZDPAyyYysCxSiE0TWumzID3fWXXWdrehYakgDbP0K19V1SG/Q8f\n2yTIbScB/UX/Gn2sAm+ALDFaJZbSkqxI3s4fS9TEL94PJ3/1QU8rZgHVVIWDFaLT\nheGVc5IvYI1i+178arEUprZQnji8YHBzqlyZbYg5VQzvHAFhysb46pUIWZsISDbB\nOvrobTL8KbA1SfOtp/mMNB24hh3pjDRSmR4kZ0FyHWzCQqyVUA1DDIN+QfD3pPYK\nCT3Sr6gxpNSMVnXagV4pfp9IqFEYd3KNpznBgXYSA6FLLU3ukS1MVPTqJqNfZvcr\nszvIAu3lkmQ38l8XzUJW4rPHyR5mJIxNQYM6q9Gw/YWk0v0kBX2VTcJTjnC5GpTe\n+Wcr2v9klejdno2q4HBUaXAjdjPAyrwab4cjmQxrQWmfrmVeVAdcjq6k9Rb7O6ay\nkOxMBH/iRDzWTvEbDMshqzDRMsgRHYyWQZuHdj8+YlGMqK7gIXgim4Oq6F2OJAhr\npMY/3O2svQltipB/N4RuPJUp+NAUe4f1nbWTh3z3Cndtr/spO3ZNAwfAZ/MCAwEA\nAQKCAgBTAq0Cdzk9OoAFCApBPH639ns3eE96tOIw2dsEHTkfYyFqgQnB9+jk3PRZ\nDklT9EKGSSKG4bNqqCjWkEIzqA2/wpVhD5daYEFUjd7AcbRV6lBll1ukWOmbqRDA\nkY3td02xQi3zaiZmncAEegiCpkCn70oKce6MdT+s+RUkDcOPXKurFIZ1541Arkoj\nCdfeTRyecGOdYPvqGjyOrOP5wIe4jR49GG+qsllA/cF5SHdGJw/5BPG+QsqG6zXU\ne9z+IB8izGDWD2tHT4ZHE9FnR+jaLmAy9ccQNB4Ouv6SzsKDyXVU6lZYLz02w/T4\nalRAkoETJRScETN742azeosuZZnZHGwgY5m80BzIHqLtmPmTz/Hy2EhGJVMiO0KT\nRjD7NCHdPe6eOw62Qrcvz0GA6+SG8qoHv0PBf8au5rWDpRfK4b0oix4DRLtKuppR\nnRzy1Gxo7R+7PfV5SIHdFO8UoiMwQq1iywFEpNk0GGJBXIa3rFJS85GK+d9Oapos\nbduUQkOmKVr8/SgGVy/woQnEKc1ccu3XF/DI6MshH+FCulSl4XZW31ZttDS5m7JY\n6n94vbM8KnezmrWiMGCcIdVArmLx9HvCxtbrsIdoO9wo2Kqg6dQSszorC3gUkv3E\n5rCE3cGDvngVgDUT1FxWep6RylPNLSaIn8hzazL8f3hGnCo/wQKCAQEA0/qyFsx0\nShXD0Uz0zFUVfsWLev7vRf6IIkq4H4QSyVqxxhyCp7EDzSIvj5n91H3YWaR1PSw9\n51ej5Iya4b5Zm4Wz1au1t+O2MiKxM4DZRVZvGpXR6fOfiFgEguKrCqTfnAnmWow/\nKKwfBF5j1y7zo7+u8q5dFiiQ19DTwkVcTqvlDsxMv1AHJUGiS/ZztQIhJezQz/nX\n2KJM8JK+p5fL6VGZ6Zbi4gjiLh9RsY/OZmIsI7k668fNnze9nwZzgpahpN1EwizD\n7YRtlobGo8CvlOBIfZTD4c8S8PASr5QoRYzwKM3ukIHg8BLZxP7Lfy2wDuEj2VoQ\ntdMn1D2MCEpGQwKCAQEA1VNnaihoWFgUU6z58R7cIyX9iHMzQdjHmL9anycCDD9L\n7hEbEv+NGKwhoUY3n3AXPPhzO4tvx1emCWxE5pKGDFJw2Mvtd2b0sPJXNkeda3zM\nHQJhSV2aZl3gRn5GVL6KekPHyIdy6Z2uCXIEC7FphGRWnwKweFxPrLexIIbaHJ4O\nzn7VMA+imVeCmdkY3gmtOq2A5Nucc2YDcJtooHeSfk5YGFUTT52sIfMvv45b/djD\nrhNSHAfO8N4xCxeF2bzXzLh3bUfEYBzW2T5L5h7GdCb2XQgibdDUAL2Y6HmlvGN2\nUnexA7AF15fPa8bbLqd6n9hPIf/YfsD1NN1TJuM0kQKCAQBwE0n5V9vcF6nSjVeY\neRvGTPez7fngDfU3/D1hHFk6cGMxlX1W3/ZcjMiMqiRUJr0umA8MasnH+MREYDq7\nRALogUZVoFWRhimcVE9QJb26NTrE2ZWEljQwyCiKcwFvvUAkpe9OzHvQK0Cy9Jzg\n9ogGeaAr2xiIUKZUFKsBOd7WEXgn3MhvFgbRIeSHOSRv/VI9VPoKG9SNSzJWt59p\nyI4dK/GuWQJX885yCEkPEjNUWm9v681FP/xtQ/FTlPuZfb61BfAGodhtSekO/u8j\nQQsUMYjiLLdsOimPjb6zaiford2EFW0epiyhgbX1u6kn8qX1F//2OPJA0AVs56WT\n9IE1AoIBAQCQZMvzBzbZ1YSsvsDPfNv0zpo16gQf5eP0eFGWuIiiUZXLprh0u5V9\nxcVdrHGp8e1Iz8Lv4wneHG2+oxJgH32siYDoveAWmhG2U9LEYuUjBG4ElL/VMQ55\ni8Fq9b4VToPdDlQEX+pgRuKucgZbA9MwUdpv9xoL3i/v8MZsBdtM04+iJieXSH3+\n3UUBbflvEY230gkU37GeSsa5Sfgf5c+6vrzSe4N+uHLy5/DB8FJEGJ0bDujdIEvq\nrfr0Tw/Cuhg38gSka5d4lwy2L3ygXuRlapoHjqH/QwK9HZiKgwyz338PgwTGQjcy\nHwe/I/LoOWS/HWMy2EJqSaGwDr9h6xiBAoIBAHjBO+BVOSIdivNURoUAkJwj4utQ\nrHKoTKjsYJCiVf/3fk35yGinm1aRvBJOCikvEWiRyi+7fw2Ih/N1KTVOG3k7EP3v\nA6xyu/DU9qiNpo3jgJL8X4CI4exQhIewVoNxJ7Qz7+wyTnIYsdRM+NRZdmCyVrwt\nkUroxldWlnaPnVUqXhTjuuDhMxrZELBSiX6SX9ZL4bR3XlRZch//fePKF16xmmEH\nUOdm7BQL5VY0NKMW7VzdpD2VxKZBAPV4jb9DGO/1KOYQqc07UJoVwBQr7sn2JfJ7\nJ6bGgO5w7C04pg5lsB83/iVyz/sYvkywtGi41iFwJa4mU+85+0+GbNuyXA8=\n-----END RSA PRIVATE KEY-----\n",
            "private_key_pem_pkcs8": "-----BEGIN PRIVATE KEY-----\nMIIJQgIBADANBgkqhkiG9w0BAQEFAASCCSwwggkoAgEAAoICAQCwpKYWemuH3phg\nOQyYZxI9p0j7IAbOz64fUiPs2cHlZylTStQvsVtbmXhtejFkrJ2e+hJjBGQulAUc\nFnuNYGI3Oq1bXAUR98B30or/67D/VyXi57jPxu2I9TbTDM4RkM8DLJjKwLFKITRN\na6bMgPd9ZddZ2t6FhqSANs/QrX1XVIb9Dx/bJMhtJwH9Rf8afawCb4AsMVolltKS\nrEjezh9L1MQv3g8nf/VBTytmAdVUhYMVotOF4ZVzki9gjWL7XvxqsRSmtlCeOLxg\ncHOqXJltiDlVDO8cAWHKxvjqlQhZmwhINsE6+uhtMvwpsDVJ862n+Yw0HbiGHemM\nNFKZHiRnQXIdbMJCrJVQDUMMg35B8Pek9goJPdKvqDGk1IxWddqBXil+n0ioURh3\nco2nOcGBdhIDoUstTe6RLUxU9Oomo19m9yuzO8gC7eWSZDfyXxfNQlbis8fJHmYk\njE1Bgzqr0bD9haTS/SQFfZVNwlOOcLkalN75Zyva/2SV6N2ejargcFRpcCN2M8DK\nvBpvhyOZDGtBaZ+uZV5UB1yOrqT1Fvs7prKQ7EwEf+JEPNZO8RsMyyGrMNEyyBEd\njJZBm4d2Pz5iUYyoruAheCKbg6roXY4kCGukxj/c7ay9CW2KkH83hG48lSn40BR7\nh/WdtZOHfPcKd22v+yk7dk0DB8Bn8wIDAQABAoICAFMCrQJ3OT06gAUICkE8frf2\nezd4T3q04jDZ2wQdOR9jIWqBCcH36OTc9FkOSVP0QoZJIobhs2qoKNaQQjOoDb/C\nlWEPl1pgQVSN3sBxtFXqUGWXW6RY6ZupEMCRje13TbFCLfNqJmadwAR6CIKmQKfv\nSgpx7ox1P6z5FSQNw49cq6sUhnXnjUCuSiMJ195NHJ5wY51g++oaPI6s4/nAh7iN\nHj0Yb6qyWUD9wXlId0YnD/kE8b5CyobrNdR73P4gHyLMYNYPa0dPhkcT0WdH6Nou\nYDL1xxA0Hg66/pLOwoPJdVTqVlgvPTbD9PhqVECSgRMlFJwRM3vjZrN6iy5lmdkc\nbCBjmbzQHMgeou2Y+ZPP8fLYSEYlUyI7QpNGMPs0Id097p47DrZCty/PQYDr5Iby\nqge/Q8F/xq7mtYOlF8rhvSiLHgNEu0q6mlGdHPLUbGjtH7s99XlIgd0U7xSiIzBC\nrWLLAUSk2TQYYkFchresUlLzkYr5305qmixt25RCQ6YpWvz9KAZXL/ChCcQpzVxy\n7dcX8MjoyyEf4UK6VKXhdlbfVm20NLmbsljqf3i9szwqd7OataIwYJwh1UCuYvH0\ne8LG1uuwh2g73CjYqqDp1BKzOisLeBSS/cTmsITdwYO+eBWANRPUXFZ6npHKU80t\nJoifyHNrMvx/eEacKj/BAoIBAQDT+rIWzHRKFcPRTPTMVRV+xYt6/u9F/ogiSrgf\nhBLJWrHGHIKnsQPNIi+Pmf3UfdhZpHU9LD3nV6PkjJrhvlmbhbPVq7W347YyIrEz\ngNlFVm8aldHp85+IWASC4qsKpN+cCeZajD8orB8EXmPXLvOjv67yrl0WKJDX0NPC\nRVxOq+UOzEy/UAclQaJL9nO1AiEl7NDP+dfYokzwkr6nl8vpUZnpluLiCOIuH1Gx\nj85mYiwjuTrrx82fN72fBnOClqGk3UTCLMPthG2WhsajwK+U4Eh9lMPhzxLw8BKv\nlChFjPAoze6QgeDwEtnE/st/LbAO4SPZWhC10yfUPYwISkZDAoIBAQDVU2dqKGhY\nWBRTrPnxHtwjJf2IczNB2MeYv1qfJwIMP0vuERsS/40YrCGhRjefcBc8+HM7i2/H\nV6YJbETmkoYMUnDYy+13ZvSw8lc2R51rfMwdAmFJXZpmXeBGfkZUvop6Q8fIh3Lp\nna4JcgQLsWmEZFafArB4XE+st7Eghtocng7OftUwD6KZV4KZ2RjeCa06rYDk25xz\nZgNwm2igd5J+TlgYVRNPnawh8y+/jlv92MOuE1IcB87w3jELF4XZvNfMuHdtR8Rg\nHNbZPkvmHsZ0JvZdCCJt0NQAvZjoeaW8Y3ZSd7EDsAXXl89rxtsup3qf2E8h/9h+\nwPU03VMm4zSRAoIBAHATSflX29wXqdKNV5h5G8ZM97Pt+eAN9Tf8PWEcWTpwYzGV\nfVbf9lyMyIyqJFQmvS6YDwxqycf4xERgOrtEAuiBRlWgVZGGKZxUT1Alvbo1OsTZ\nlYSWNDDIKIpzAW+9QCSl707Me9ArQLL0nOD2iAZ5oCvbGIhQplQUqwE53tYReCfc\nyG8WBtEh5Ic5JG/9Uj1U+gob1I1LMla3n2nIjh0r8a5ZAlfzznIISQ8SM1Rab2/r\nzUU//G1D8VOU+5l9vrUF8Aah2G1J6Q7+7yNBCxQxiOIst2w6KY+NvrNqJ+it3YQV\nbR6mLKGBtfW7qSfypfUX//Y48kDQBWznpZP0gTUCggEBAJBky/MHNtnVhKy+wM98\n2/TOmjXqBB/l4/R4UZa4iKJRlcumuHS7lX3FxV2scanx7UjPwu/jCd4cbb6jEmAf\nfayJgOi94BaaEbZT0sRi5SMEbgSUv9UxDnmLwWr1vhVOg90OVARf6mBG4q5yBlsD\n0zBR2m/3GgveL+/wxmwF20zTj6ImJ5dIff7dRQFt+W8RjbfSCRTfsZ5KxrlJ+B/l\nz7q+vNJ7g364cvLn8MHwUkQYnRsO6N0gS+qt+vRPD8K6GDfyBKRrl3iXDLYvfKBe\n5GVqmgeOof9DAr0dmIqDDLPffw+DBMZCNzIfB78j8ug5ZL8dYzLYQmpJobAOv2Hr\nGIECggEAeME74FU5Ih2K81RGhQCQnCPi61CscqhMqOxgkKJV//d+TfnIaKebVpG8\nEk4KKS8RaJHKL7t/DYiH83UpNU4beTsQ/e8DrHK78NT2qI2mjeOAkvxfgIjh7FCE\nh7BWg3EntDPv7DJOchix1Ez41Fl2YLJWvC2RSujGV1aWdo+dVSpeFOO64OEzGtkQ\nsFKJfpJf1kvhtHdeVFlyH/9948oXXrGaYQdQ52bsFAvlVjQ0oxbtXN2kPZXEpkEA\n9XiNv0MY7/Uo5hCpzTtQmhXAFCvuyfYl8nsnpsaA7nDsLTimDmWwHzf+JXLP+xi+\nTLC0aLjWIXAlriZT7zn7T4Zs27JcDw==\n-----END PRIVATE KEY-----\n",
            "public_key_fingerprint_md5": "28:20:ef:0b:56:d9:0a:86:81:27:99:9c:14:b6:2a:9e",
            "public_key_fingerprint_sha256": "SHA256:LLHOMdCT8LXN42NsiV5PcfAZSgFaT0EwaIjTZ3szHY4",
            "public_key_openssh": "ssh-rsa AAAAB3NzaC1yc2EAAAADAQABAAACAQCwpKYWemuH3phgOQyYZxI9p0j7IAbOz64fUiPs2cHlZylTStQvsVtbmXhtejFkrJ2e+hJjBGQulAUcFnuNYGI3Oq1bXAUR98B30or/67D/VyXi57jPxu2I9TbTDM4RkM8DLJjKwLFKITRNa6bMgPd9ZddZ2t6FhqSANs/QrX1XVIb9Dx/bJMhtJwH9Rf8afawCb4AsMVolltKSrEjezh9L1MQv3g8nf/VBTytmAdVUhYMVotOF4ZVzki9gjWL7XvxqsRSmtlCeOLxgcHOqXJltiDlVDO8cAWHKxvjqlQhZmwhINsE6+uhtMvwpsDVJ862n+Yw0HbiGHemMNFKZHiRnQXIdbMJCrJVQDUMMg35B8Pek9goJPdKvqDGk1IxWddqBXil+n0ioURh3co2nOcGBdhIDoUstTe6RLUxU9Oomo19m9yuzO8gC7eWSZDfyXxfNQlbis8fJHmYkjE1Bgzqr0bD9haTS/SQFfZVNwlOOcLkalN75Zyva/2SV6N2ejargcFRpcCN2M8DKvBpvhyOZDGtBaZ+uZV5UB1yOrqT1Fvs7prKQ7EwEf+JEPNZO8RsMyyGrMNEyyBEdjJZBm4d2Pz5iUYyoruAheCKbg6roXY4kCGukxj/c7ay9CW2KkH83hG48lSn40BR7h/WdtZOHfPcKd22v+yk7dk0DB8Bn8w==\n",
            "public_key_pem": "-----BEGIN PUBLIC KEY-----\nMIICIjANBgkqhkiG9w0BAQEFAAOCAg8AMIICCgKCAgEAsKSmFnprh96YYDkMmGcS\nPadI+yAGzs+uH1Ij7NnB5WcpU0rUL7FbW5l4bXoxZKydnvoSYwRkLpQFHBZ7jWBi\nNzqtW1wFEffAd9KK/+uw/1cl4ue4z8btiPU20wzOEZDPAyyYysCxSiE0TWumzID3\nfWXXWdrehYakgDbP0K19V1SG/Q8f2yTIbScB/UX/Gn2sAm+ALDFaJZbSkqxI3s4f\nS9TEL94PJ3/1QU8rZgHVVIWDFaLTheGVc5IvYI1i+178arEUprZQnji8YHBzqlyZ\nbYg5VQzvHAFhysb46pUIWZsISDbBOvrobTL8KbA1SfOtp/mMNB24hh3pjDRSmR4k\nZ0FyHWzCQqyVUA1DDIN+QfD3pPYKCT3Sr6gxpNSMVnXagV4pfp9IqFEYd3KNpznB\ngXYSA6FLLU3ukS1MVPTqJqNfZvcrszvIAu3lkmQ38l8XzUJW4rPHyR5mJIxNQYM6\nq9Gw/YWk0v0kBX2VTcJTjnC5GpTe+Wcr2v9klejdno2q4HBUaXAjdjPAyrwab4cj\nmQxrQWmfrmVeVAdcjq6k9Rb7O6aykOxMBH/iRDzWTvEbDMshqzDRMsgRHYyWQZuH\ndj8+YlGMqK7gIXgim4Oq6F2OJAhrpMY/3O2svQltipB/N4RuPJUp+NAUe4f1nbWT\nh3z3Cndtr/spO3ZNAwfAZ/MCAwEAAQ==\n-----END PUBLIC KEY-----\n",
            "rsa_bits": 4096
          },
          "sensitive_attributes": []
        }
      ]
    }
  ],
  "check_results": null
}
